{
  "name": "wow_log_viewer",
  "version": "1.0.0",
  "lockfileVersion": 1,
  "requires": true,
  "dependencies": {
    "tail": {
      "version": "2.1.1",
      "resolved": "https://registry.npmjs.org/tail/-/tail-2.1.1.tgz",
      "integrity": "sha512-TBGFzKYD5Af/ts7DBypAQNmPQlt5Uq0bqcf4eRwnfvQcLnSTqruA8h3ps7CKIEPcwX7z9YnP3B6bBHLWYN7+ag=="
    }
  }
}
